// !$*UTF8*$!
{
	archiveVersion = 1;
	classes = {
	};
	objectVersion = 77;
	objects = {

/* Begin PBXContainerItemProxy section */
		76C2A8B02EDDB62C005608E6 /* PBXContainerItemProxy */ = {
			isa = PBXContainerItemProxy;
			containerPortal = 76C2A8912EDDB62A005608E6 /* Project object */;
			proxyType = 1;
			remoteGlobalIDString = 76C2A8982EDDB62A005608E6;
			remoteInfo = "Skill-Link";
		};
		76C2A8BA2EDDB62C005608E6 /* PBXContainerItemProxy */ = {
			isa = PBXContainerItemProxy;
			containerPortal = 76C2A8912EDDB62A005608E6 /* Project object */;
			proxyType = 1;
			remoteGlobalIDString = 76C2A8982EDDB62A005608E6;
			remoteInfo = "Skill-Link";
		};
/* End PBXContainerItemProxy section */

/* Begin PBXFileReference section */
		76C2A8992EDDB62A005608E6 /* Skill-Link.app */ = {isa = PBXFileReference; explicitFileType = wrapper.application; includeInIndex = 0; path = "Skill-Link.app"; sourceTree = BUILT_PRODUCTS_DIR; };
		76C2A8AF2EDDB62C005608E6 /* Skill-LinkTests.xctest */ = {isa = PBXFileReference; explicitFileType = wrapper.cfbundle; includeInIndex = 0; path = "Skill-LinkTests.xctest"; sourceTree = BUILT_PRODUCTS_DIR; };
		76C2A8B92EDDB62C005608E6 /* Skill-LinkUITests.xctest */ = {isa = PBXFileReference; explicitFileType = wrapper.cfbundle; includeInIndex = 0; path = "Skill-LinkUITests.xctest"; sourceTree = BUILT_PRODUCTS_DIR; };
/* End PBXFileReference section */

/* Begin PBXFileSystemSynchronizedBuildFileExceptionSet section */
		76C2A8C12EDDB62C005608E6 /* Exceptions for "Skill-Link" folder in "Skill-Link" target */ = {
			isa = PBXFileSystemSynchronizedBuildFileExceptionSet;
			membershipExceptions = (
				Info.plist,
			);
			target = 76C2A8982EDDB62A005608E6 /* Skill-Link */;
		};
/* End PBXFileSystemSynchronizedBuildFileExceptionSet section */

/* Begin PBXFileSystemSynchronizedRootGroup section */
		76C2A89B2EDDB62A005608E6 /* Skill-Link */ = {
			isa = PBXFileSystemSynchronizedRootGroup;
			exceptions = (
				76C2A8C12EDDB62C005608E6 /* Exceptions for "Skill-Link" folder in "Skill-Link" target */,
			);
			path = "Skill-Link";
			sourceTree = "<group>";
		};
		76C2A8B22EDDB62C005608E6 /* Skill-LinkTests */ = {
			isa = PBXFileSystemSynchronizedRootGroup;
			path = "Skill-LinkTests";
			sourceTree = "<group>";
		};
		76C2A8BC2EDDB62C005608E6 /* Skill-LinkUITests */ = {
			isa = PBXFileSystemSynchronizedRootGroup;
			path = "Skill-LinkUITests";
			sourceTree = "<group>";
		};
/* End PBXFileSystemSynchronizedRootGroup section */

/* Begin PBXFrameworksBuildPhase section */
		76C2A8962EDDB62A005608E6 /* Frameworks */ = {
			isa = PBXFrameworksBuildPhase;
			buildActionMask = 2147483647;
			files = (
			);
			runOnlyForDeploymentPostprocessing = 0;
		};
		76C2A8AC2EDDB62C005608E6 /* Frameworks */ = {
			isa = PBXFrameworksBuildPhase;
			buildActionMask = 2147483647;
			files = (
			);
			runOnlyForDeploymentPostprocessing = 0;
		};
		76C2A8B62EDDB62C005608E6 /* Frameworks */ = {
			isa = PBXFrameworksBuildPhase;
			buildActionMask = 2147483647;
			files = (
			);
			runOnlyForDeploymentPostprocessing = 0;
		};
/* End PBXFrameworksBuildPhase section */

/* Begin PBXGroup section */
		76C2A8902EDDB62A005608E6 = {
			isa = PBXGroup;
			children = (
				76C2A89B2EDDB62A005608E6 /* Skill-Link */,
				76C2A8B22EDDB62C005608E6 /* Skill-LinkTests */,
				76C2A8BC2EDDB62C005608E6 /* Skill-LinkUITests */,
				76C2A89A2EDDB62A005608E6 /* Products */,
			);
			sourceTree = "<group>";
		};
		76C2A89A2EDDB62A005608E6 /* Products */ = {
			isa = PBXGroup;
			children = (
				76C2A8992EDDB62A005608E6 /* Skill-Link.app */,
				76C2A8AF2EDDB62C005608E6 /* Skill-LinkTests.xctest */,
				76C2A8B92EDDB62C005608E6 /* Skill-LinkUITests.xctest */,
			);
			name = Products;
			sourceTree = "<group>";
		};
/* End PBXGroup section */

/* Begin PBXNativeTarget section */
		76C2A8982EDDB62A005608E6 /* Skill-Link */ = {
			isa = PBXNativeTarget;
			buildConfigurationList = 76C2A8C22EDDB62C005608E6 /* Build configuration list for PBXNativeTarget "Skill-Link" */;
			buildPhases = (
				76C2A8952EDDB62A005608E6 /* Sources */,
				76C2A8962EDDB62A005608E6 /* Frameworks */,
				76C2A8972EDDB62A005608E6 /* Resources */,
			);
			buildRules = (
			);
			dependencies = (
			);
			fileSystemSynchronizedGroups = (
				76C2A89B2EDDB62A005608E6 /* Skill-Link */,
			);
			name = "Skill-Link";
			packageProductDependencies = (
			);
			productName = "Skill-Link";
			productReference = 76C2A8992EDDB62A005608E6 /* Skill-Link.app */;
			productType = "com.apple.product-type.application";
		};
		76C2A8AE2EDDB62C005608E6 /* Skill-LinkTests */ = {
			isa = PBXNativeTarget;
			buildConfigurationList = 76C2A8C72EDDB62C005608E6 /* Build configuration list for PBXNativeTarget "Skill-LinkTests" */;
			buildPhases = (
				76C2A8AB2EDDB62C005608E6 /* Sources */,
				76C2A8AC2EDDB62C005608E6 /* Frameworks */,
				76C2A8AD2EDDB62C005608E6 /* Resources */,
			);
			buildRules = (
			);
			dependencies = (
				76C2A8B12EDDB62C005608E6 /* PBXTargetDependency */,
			);
			fileSystemSynchronizedGroups = (
				76C2A8B22EDDB62C005608E6 /* Skill-LinkTests */,
			);
			name = "Skill-LinkTests";
			packageProductDependencies = (
			);
			productName = "Skill-LinkTests";
			productReference = 76C2A8AF2EDDB62C005608E6 /* Skill-LinkTests.xctest */;
			productType = "com.apple.product-type.bundle.unit-test";
		};
		76C2A8B82EDDB62C005608E6 /* Skill-LinkUITests */ = {
			isa = PBXNativeTarget;
			buildConfigurationList = 76C2A8CA2EDDB62C005608E6 /* Build configuration list for PBXNativeTarget "Skill-LinkUITests" */;
			buildPhases = (
				76C2A8B52EDDB62C005608E6 /* Sources */,
				76C2A8B62EDDB62C005608E6 /* Frameworks */,
				76C2A8B72EDDB62C005608E6 /* Resources */,
			);
			buildRules = (
			);
			dependencies = (
				76C2A8BB2EDDB62C005608E6 /* PBXTargetDependency */,
			);
			fileSystemSynchronizedGroups = (
				76C2A8BC2EDDB62C005608E6 /* Skill-LinkUITests */,
			);
			name = "Skill-LinkUITests";
			packageProductDependencies = (
			);
			productName = "Skill-LinkUITests";
			productReference = 76C2A8B92EDDB62C005608E6 /* Skill-LinkUITests.xctest */;
			productType = "com.apple.product-type.bundle.ui-testing";
		};
/* End PBXNativeTarget section */

/* Begin PBXProject section */
		76C2A8912EDDB62A005608E6 /* Project object */ = {
			isa = PBXProject;
			attributes = {
				BuildIndependentTargetsInParallel = 1;
				LastSwiftUpdateCheck = 1620;
				LastUpgradeCheck = 1620;
				TargetAttributes = {
					76C2A8982EDDB62A005608E6 = {
						CreatedOnToolsVersion = 16.2;
					};
					76C2A8AE2EDDB62C005608E6 = {
						CreatedOnToolsVersion = 16.2;
						TestTargetID = 76C2A8982EDDB62A005608E6;
					};
					76C2A8B82EDDB62C005608E6 = {
						CreatedOnToolsVersion = 16.2;
						TestTargetID = 76C2A8982EDDB62A005608E6;
					};
				};
			};
			buildConfigurationList = 76C2A8942EDDB62A005608E6 /* Build configuration list for PBXProject "Skill-Link" */;
			developmentRegion = en;
			hasScannedForEncodings = 0;
			knownRegions = (
				en,
				Base,
			);
			mainGroup = 76C2A8902EDDB62A005608E6;
			minimizedProjectReferenceProxies = 1;
			preferredProjectObjectVersion = 77;
			productRefGroup = 76C2A89A2EDDB62A005608E6 /* Products */;
			projectDirPath = "";
			projectRoot = "";
			targets = (
				76C2A8982EDDB62A005608E6 /* Skill-Link */,
				76C2A8AE2EDDB62C005608E6 /* Skill-LinkTests */,
				76C2A8B82EDDB62C005608E6 /* Skill-LinkUITests */,
			);
		};
/* End PBXProject section */

/* Begin PBXResourcesBuildPhase section */
		76C2A8972EDDB62A005608E6 /* Resources */ = {
			isa = PBXResourcesBuildPhase;
			buildActionMask = 2147483647;
			files = (
			);
			runOnlyForDeploymentPostprocessing = 0;
		};
		76C2A8AD2EDDB62C005608E6 /* Resources */ = {
			isa = PBXResourcesBuildPhase;
			buildActionMask = 2147483647;
			files = (
			);
			runOnlyForDeploymentPostprocessing = 0;
		};
		76C2A8B72EDDB62C005608E6 /* Resources */ = {
			isa = PBXResourcesBuildPhase;
			buildActionMask = 2147483647;
			files = (
			);
			runOnlyForDeploymentPostprocessing = 0;
		};
/* End PBXResourcesBuildPhase section */

/* Begin PBXSourcesBuildPhase section */
		76C2A8952EDDB62A005608E6 /* Sources */ = {
			isa = PBXSourcesBuildPhase;
			buildActionMask = 2147483647;
			files = (
			);
			runOnlyForDeploymentPostprocessing = 0;
		};
		76C2A8AB2EDDB62C005608E6 /* Sources */ = {
			isa = PBXSourcesBuildPhase;
			buildActionMask = 2147483647;
			files = (
			);
			runOnlyForDeploymentPostprocessing = 0;
		};
		76C2A8B52EDDB62C005608E6 /* Sources */ = {
			isa = PBXSourcesBuildPhase;
			buildActionMask = 2147483647;
			files = (
			);
			runOnlyForDeploymentPostprocessing = 0;
		};
/* End PBXSourcesBuildPhase section */

/* Begin PBXTargetDependency section */
		76C2A8B12EDDB62C005608E6 /* PBXTargetDependency */ = {
			isa = PBXTargetDependency;
			target = 76C2A8982EDDB62A005608E6 /* Skill-Link */;
			targetProxy = 76C2A8B02EDDB62C005608E6 /* PBXContainerItemProxy */;
		};
		76C2A8BB2EDDB62C005608E6 /* PBXTargetDependency */ = {
			isa = PBXTargetDependency;
			target = 76C2A8982EDDB62A005608E6 /* Skill-Link */;
			targetProxy = 76C2A8BA2EDDB62C005608E6 /* PBXContainerItemProxy */;
		};
/* End PBXTargetDependency section */

/* Begin XCBuildConfiguration section */
		76C2A8C32EDDB62C005608E6 /* Debug */ = {
			isa = XCBuildConfiguration;
			buildSettings = {
				ASSETCATALOG_COMPILER_APPICON_NAME = AppIcon;
				ASSETCATALOG_COMPILER_GLOBAL_ACCENT_COLOR_NAME = AccentColor;
				CODE_SIGN_STYLE = Automatic;
				CURRENT_PROJECT_VERSION = 1;
				GENERATE_INFOPLIST_FILE = YES;
				INFOPLIST_FILE = "Skill-Link/Info.plist";
				INFOPLIST_KEY_UIApplicationSupportsIndirectInputEvents = YES;
				INFOPLIST_KEY_UILaunchStoryboardName = LaunchScreen;
				INFOPLIST_KEY_UIMainStoryboardFile = Main;
				INFOPLIST_KEY_UISupportedInterfaceOrientations_iPad = "UIInterfaceOrientationPortrait UIInterfaceOrientationPortraitUpsideDown UIInterfaceOrientationLandscapeLeft UIInterfaceOrientationLandscapeRight";
				INFOPLIST_KEY_UISupportedInterfaceOrientations_iPhone = "UIInterfaceOrientationPortrait UIInterfaceOrientationLandscapeLeft UIInterfaceOrientationLandscapeRight";
				LD_RUNPATH_SEARCH_PATHS = (
					"$(inherited)",
					"@executable_path/Frameworks",
				);
				MARKETING_VERSION = 1.0;
				PRODUCT_BUNDLE_IDENTIFIER = "hla.Skill-Link";
				PRODUCT_NAME = "$(TARGET_NAME)";
				SWIFT_EMIT_LOC_STRINGS = YES;
				SWIFT_VERSION = 5.0;
				TARGETED_DEVICE_FAMILY = "1,2";
			};
			name = Debug;
		};
		76C2A8C42EDDB62C005608E6 /* Release */ = {
			isa = XCBuildConfiguration;
			buildSettings = {
				ASSETCATALOG_COMPILER_APPICON_NAME = AppIcon;
				ASSETCATALOG_COMPILER_GLOBAL_ACCENT_COLOR_NAME = AccentColor;
				CODE_SIGN_STYLE = Automatic;
				CURRENT_PROJECT_VERSION = 1;
				GENERATE_INFOPLIST_FILE = YES;
				INFOPLIST_FILE = "Skill-Link/Info.plist";
				INFOPLIST_KEY_UIApplicationSupportsIndirectInputEvents = YES;
				INFOPLIST_KEY_UILaunchStoryboardName = LaunchScreen;
				INFOPLIST_KEY_UIMainStoryboardFile = Main;
				INFOPLIST_KEY_UISupportedInterfaceOrientations_iPad = "UIInterfaceOrientationPortrait UIInterfaceOrientationPortraitUpsideDown UIInterfaceOrientationLandscapeLeft UIInterfaceOrientationLandscapeRight";
				INFOPLIST_KEY_UISupportedInterfaceOrientations_iPhone = "UIInterfaceOrientationPortrait UIInterfaceOrientationLandscapeLeft UIInterfaceOrientationLandscapeRight";
				LD_RUNPATH_SEARCH_PATHS = (
					"$(inherited)",
					"@executable_path/Frameworks",
				);
				MARKETING_VERSION = 1.0;
				PRODUCT_BUNDLE_IDENTIFIER = "hla.Skill-Link";
				PRODUCT_NAME = "$(TARGET_NAME)";
				SWIFT_EMIT_LOC_STRINGS = YES;
				SWIFT_VERSION = 5.0;
				TARGETED_DEVICE_FAMILY = "1,2";
			};
			name = Release;
		};
		76C2A8C52EDDB62C005608E6 /* Debug */ = {
			isa = XCBuildConfiguration;
			buildSettings = {
				ALWAYS_SEARCH_USER_PATHS = NO;
				ASSETCATALOG_COMPILER_GENERATE_SWIFT_ASSET_SYMBOL_EXTENSIONS = YES;
				CLANG_ANALYZER_NONNULL = YES;
				CLANG_ANALYZER_NUMBER_OBJECT_CONVERSION = YES_AGGRESSIVE;
				CLANG_CXX_LANGUAGE_STANDARD = "gnu++20";
				CLANG_ENABLE_MODULES = YES;
				CLANG_ENABLE_OBJC_ARC = YES;
				CLANG_ENABLE_OBJC_WEAK = YES;
				CLANG_WARN_BLOCK_CAPTURE_AUTORELEASING = YES;
				CLANG_WARN_BOOL_CONVERSION = YES;
				CLANG_WARN_COMMA = YES;
				CLANG_WARN_CONSTANT_CONVERSION = YES;
				CLANG_WARN_DEPRECATED_OBJC_IMPLEMENTATIONS = YES;
				CLANG_WARN_DIRECT_OBJC_ISA_USAGE = YES_ERROR;
				CLANG_WARN_DOCUMENTATION_COMMENTS = YES;
				CLANG_WARN_EMPTY_BODY = YES;
				CLANG_WARN_ENUM_CONVERSION = YES;
				CLANG_WARN_INFINITE_RECURSION = YES;
				CLANG_WARN_INT_CONVERSION = YES;
				CLANG_WARN_NON_LITERAL_NULL_CONVERSION = YES;
				CLANG_WARN_OBJC_IMPLICIT_RETAIN_SELF = YES;
				CLANG_WARN_OBJC_LITERAL_CONVERSION = YES;
				CLANG_WARN_OBJC_ROOT_CLASS = YES_ERROR;
				CLANG_WARN_QUOTED_INCLUDE_IN_FRAMEWORK_HEADER = YES;
				CLANG_WARN_RANGE_LOOP_ANALYSIS = YES;
				CLANG_WARN_STRICT_PROTOTYPES = YES;
				CLANG_WARN_SUSPICIOUS_MOVE = YES;
				CLANG_WARN_UNGUARDED_AVAILABILITY = YES_AGGRESSIVE;
				CLANG_WARN_UNREACHABLE_CODE = YES;
				CLANG_WARN__DUPLICATE_METHOD_MATCH = YES;
				COPY_PHASE_STRIP = NO;
				DEBUG_INFORMATION_FORMAT = dwarf;
				ENABLE_STRICT_OBJC_MSGSEND = YES;
				ENABLE_TESTABILITY = YES;
				ENABLE_USER_SCRIPT_SANDBOXING = YES;
				GCC_C_LANGUAGE_STANDARD = gnu17;
				GCC_DYNAMIC_NO_PIC = NO;
				GCC_NO_COMMON_BLOCKS = YES;
				GCC_OPTIMIZATION_LEVEL = 0;
				GCC_PREPROCESSOR_DEFINITIONS = (
					"DEBUG=1",
					"$(inherited)",
				);
				GCC_WARN_64_TO_32_BIT_CONVERSION = YES;
				GCC_WARN_ABOUT_RETURN_TYPE = YES_ERROR;
				GCC_WARN_UNDECLARED_SELECTOR = YES;
				GCC_WARN_UNINITIALIZED_AUTOS = YES_AGGRESSIVE;
				GCC_WARN_UNUSED_FUNCTION = YES;
				GCC_WARN_UNUSED_VARIABLE = YES;
				IPHONEOS_DEPLOYMENT_TARGET = 18.2;
				LOCALIZATION_PREFERS_STRING_CATALOGS = YES;
				MTL_ENABLE_DEBUG_INFO = INCLUDE_SOURCE;
				MTL_FAST_MATH = YES;
				ONLY_ACTIVE_ARCH = YES;
				SDKROOT = iphoneos;
				SWIFT_ACTIVE_COMPILATION_CONDITIONS = "DEBUG $(inherited)";
				SWIFT_OPTIMIZATION_LEVEL = "-Onone";
			};
			name = Debug;
		};
		76C2A8C62EDDB62C005608E6 /* Release */ = {
			isa = XCBuildConfiguration;
			buildSettings = {
				ALWAYS_SEARCH_USER_PATHS = NO;
				ASSETCATALOG_COMPILER_GENERATE_SWIFT_ASSET_SYMBOL_EXTENSIONS = YES;
				CLANG_ANALYZER_NONNULL = YES;
				CLANG_ANALYZER_NUMBER_OBJECT_CONVERSION = YES_AGGRESSIVE;
				CLANG_CXX_LANGUAGE_STANDARD = "gnu++20";
				CLANG_ENABLE_MODULES = YES;
				CLANG_ENABLE_OBJC_ARC = YES;
				CLANG_ENABLE_OBJC_WEAK = YES;
				CLANG_WARN_BLOCK_CAPTURE_AUTORELEASING = YES;
				CLANG_WARN_BOOL_CONVERSION = YES;
				CLANG_WARN_COMMA = YES;
				CLANG_WARN_CONSTANT_CONVERSION = YES;
				CLANG_WARN_DEPRECATED_OBJC_IMPLEMENTATIONS = YES;
				CLANG_WARN_DIRECT_OBJC_ISA_USAGE = YES_ERROR;
				CLANG_WARN_DOCUMENTATION_COMMENTS = YES;
				CLANG_WARN_EMPTY_BODY = YES;
				CLANG_WARN_ENUM_CONVERSION = YES;
				CLANG_WARN_INFINITE_RECURSION = YES;
				CLANG_WARN_INT_CONVERSION = YES;
				CLANG_WARN_NON_LITERAL_NULL_CONVERSION = YES;
				CLANG_WARN_OBJC_IMPLICIT_RETAIN_SELF = YES;
				CLANG_WARN_OBJC_LITERAL_CONVERSION = YES;
				CLANG_WARN_OBJC_ROOT_CLASS = YES_ERROR;
				CLANG_WARN_QUOTED_INCLUDE_IN_FRAMEWORK_HEADER = YES;
				CLANG_WARN_RANGE_LOOP_ANALYSIS = YES;
				CLANG_WARN_STRICT_PROTOTYPES = YES;
				CLANG_WARN_SUSPICIOUS_MOVE = YES;
				CLANG_WARN_UNGUARDED_AVAILABILITY = YES_AGGRESSIVE;
				CLANG_WARN_UNREACHABLE_CODE = YES;
				CLANG_WARN__DUPLICATE_METHOD_MATCH = YES;
				COPY_PHASE_STRIP = NO;
				DEBUG_INFORMATION_FORMAT = "dwarf-with-dsym";
				ENABLE_NS_ASSERTIONS = NO;
				ENABLE_STRICT_OBJC_MSGSEND = YES;
				ENABLE_USER_SCRIPT_SANDBOXING = YES;
				GCC_C_LANGUAGE_STANDARD = gnu17;
				GCC_NO_COMMON_BLOCKS = YES;
				GCC_WARN_64_TO_32_BIT_CONVERSION = YES;
				GCC_WARN_ABOUT_RETURN_TYPE = YES_ERROR;
				GCC_WARN_UNDECLARED_SELECTOR = YES;
				GCC_WARN_UNINITIALIZED_AUTOS = YES_AGGRESSIVE;
				GCC_WARN_UNUSED_FUNCTION = YES;
				GCC_WARN_UNUSED_VARIABLE = YES;
				IPHONEOS_DEPLOYMENT_TARGET = 18.2;
				LOCALIZATION_PREFERS_STRING_CATALOGS = YES;
				MTL_ENABLE_DEBUG_INFO = NO;
				MTL_FAST_MATH = YES;
				SDKROOT = iphoneos;
				SWIFT_COMPILATION_MODE = wholemodule;
				VALIDATE_PRODUCT = YES;
			};
			name = Release;
		};
		76C2A8C82EDDB62C005608E6 /* Debug */ = {
			isa = XCBuildConfiguration;
			buildSettings = {
				BUNDLE_LOADER = "$(TEST_HOST)";
				CODE_SIGN_STYLE = Automatic;
				CURRENT_PROJECT_VERSION = 1;
				GENERATE_INFOPLIST_FILE = YES;
				IPHONEOS_DEPLOYMENT_TARGET = 18.2;
				MARKETING_VERSION = 1.0;
				PRODUCT_BUNDLE_IDENTIFIER = "hla.Skill-LinkTests";
				PRODUCT_NAME = "$(TARGET_NAME)";
				SWIFT_EMIT_LOC_STRINGS = NO;
				SWIFT_VERSION = 5.0;
				TARGETED_DEVICE_FAMILY = "1,2";
				TEST_HOST = "$(BUILT_PRODUCTS_DIR)/Skill-Link.app/$(BUNDLE_EXECUTABLE_FOLDER_PATH)/Skill-Link";
			};
			name = Debug;
		};
		76C2A8C92EDDB62C005608E6 /* Release */ = {
			isa = XCBuildConfiguration;
			buildSettings = {
				BUNDLE_LOADER = "$(TEST_HOST)";
				CODE_SIGN_STYLE = Automatic;
				CURRENT_PROJECT_VERSION = 1;
				GENERATE_INFOPLIST_FILE = YES;
				IPHONEOS_DEPLOYMENT_TARGET = 18.2;
				MARKETING_VERSION = 1.0;
				PRODUCT_BUNDLE_IDENTIFIER = "hla.Skill-LinkTests";
				PRODUCT_NAME = "$(TARGET_NAME)";
				SWIFT_EMIT_LOC_STRINGS = NO;
				SWIFT_VERSION = 5.0;
				TARGETED_DEVICE_FAMILY = "1,2";
				TEST_HOST = "$(BUILT_PRODUCTS_DIR)/Skill-Link.app/$(BUNDLE_EXECUTABLE_FOLDER_PATH)/Skill-Link";
			};
			name = Release;
		};
		76C2A8CB2EDDB62C005608E6 /* Debug */ = {
			isa = XCBuildConfiguration;
			buildSettings = {
				CODE_SIGN_STYLE = Automatic;
				CURRENT_PROJECT_VERSION = 1;
				GENERATE_INFOPLIST_FILE = YES;
				MARKETING_VERSION = 1.0;
				PRODUCT_BUNDLE_IDENTIFIER = "hla.Skill-LinkUITests";
				PRODUCT_NAME = "$(TARGET_NAME)";
				SWIFT_EMIT_LOC_STRINGS = NO;
				SWIFT_VERSION = 5.0;
				TARGETED_DEVICE_FAMILY = "1,2";
				TEST_TARGET_NAME = "Skill-Link";
			};
			name = Debug;
		};
		76C2A8CC2EDDB62C005608E6 /* Release */ = {
			isa = XCBuildConfiguration;
			buildSettings = {
				CODE_SIGN_STYLE = Automatic;
				CURRENT_PROJECT_VERSION = 1;
				GENERATE_INFOPLIST_FILE = YES;
				MARKETING_VERSION = 1.0;
				PRODUCT_BUNDLE_IDENTIFIER = "hla.Skill-LinkUITests";
				PRODUCT_NAME = "$(TARGET_NAME)";
				SWIFT_EMIT_LOC_STRINGS = NO;
				SWIFT_VERSION = 5.0;
				TARGETED_DEVICE_FAMILY = "1,2";
				TEST_TARGET_NAME = "Skill-Link";
			};
			name = Release;
		};
/* End XCBuildConfiguration section */

/* Begin XCConfigurationList section */
		76C2A8942EDDB62A005608E6 /* Build configuration list for PBXProject "Skill-Link" */ = {
			isa = XCConfigurationList;
			buildConfigurations = (
				76C2A8C52EDDB62C005608E6 /* Debug */,
				76C2A8C62EDDB62C005608E6 /* Release */,
			);
			defaultConfigurationIsVisible = 0;
			defaultConfigurationName = Release;
		};
		76C2A8C22EDDB62C005608E6 /* Build configuration list for PBXNativeTarget "Skill-Link" */ = {
			isa = XCConfigurationList;
			buildConfigurations = (
				76C2A8C32EDDB62C005608E6 /* Debug */,
				76C2A8C42EDDB62C005608E6 /* Release */,
			);
			defaultConfigurationIsVisible = 0;
			defaultConfigurationName = Release;
		};
		76C2A8C72EDDB62C005608E6 /* Build configuration list for PBXNativeTarget "Skill-LinkTests" */ = {
			isa = XCConfigurationList;
			buildConfigurations = (
				76C2A8C82EDDB62C005608E6 /* Debug */,
				76C2A8C92EDDB62C005608E6 /* Release */,
			);
			defaultConfigurationIsVisible = 0;
			defaultConfigurationName = Release;
		};
		76C2A8CA2EDDB62C005608E6 /* Build configuration list for PBXNativeTarget "Skill-LinkUITests" */ = {
			isa = XCConfigurationList;
			buildConfigurations = (
				76C2A8CB2EDDB62C005608E6 /* Debug */,
				76C2A8CC2EDDB62C005608E6 /* Release */,
			);
			defaultConfigurationIsVisible = 0;
			defaultConfigurationName = Release;
		};
/* End XCConfigurationList section */
	};
	rootObject = 76C2A8912EDDB62A005608E6 /* Project object */;
}
